// !$*UTF8*$!
{
	archiveVersion = 1;
	classes = {
	};
	objectVersion = 77;
	objects = {

/* Begin PBXContainerItemProxy section */
		0DF4EC642EBD94FA00C97374 /* PBXContainerItemProxy */ = {
			isa = PBXContainerItemProxy;
			containerPortal = 0DF4EC4E2EBD94F800C97374 /* Project object */;
			proxyType = 1;
			remoteGlobalIDString = 0DF4EC552EBD94F800C97374;
			remoteInfo = ImageState;
		};
		0DF4EC6E2EBD94FA00C97374 /* PBXContainerItemProxy */ = {
			isa = PBXContainerItemProxy;
			containerPortal = 0DF4EC4E2EBD94F800C97374 /* Project object */;
			proxyType = 1;
			remoteGlobalIDString = 0DF4EC552EBD94F800C97374;
			remoteInfo = ImageState;
		};
/* End PBXContainerItemProxy section */

/* Begin PBXFileReference section */
		0DF4EC562EBD94F800C97374 /* ImageState.app */ = {isa = PBXFileReference; explicitFileType = wrapper.application; includeInIndex = 0; path = ImageState.app; sourceTree = BUILT_PRODUCTS_DIR; };
		0DF4EC632EBD94FA00C97374 /* ImageStateTests.xctest */ = {isa = PBXFileReference; explicitFileType = wrapper.cfbundle; includeInIndex = 0; path = ImageStateTests.xctest; sourceTree = BUILT_PRODUCTS_DIR; };
		0DF4EC6D2EBD94FA00C97374 /* ImageStateUITests.xctest */ = {isa = PBXFileReference; explicitFileType = wrapper.cfbundle; includeInIndex = 0; path = ImageStateUITests.xctest; sourceTree = BUILT_PRODUCTS_DIR; };
/* End PBXFileReference section */

/* Begin PBXFileSystemSynchronizedRootGroup section */
		0DF4EC582EBD94F800C97374 /* ImageState */ = {
			isa = PBXFileSystemSynchronizedRootGroup;
			path = ImageState;
			sourceTree = "<group>";
		};
		0DF4EC662EBD94FA00C97374 /* ImageStateTests */ = {
			isa = PBXFileSystemSynchronizedRootGroup;
			path = ImageStateTests;
			sourceTree = "<group>";
		};
		0DF4EC702EBD94FA00C97374 /* ImageStateUITests */ = {
			isa = PBXFileSystemSynchronizedRootGroup;
			path = ImageStateUITests;
			sourceTree = "<group>";
		};
/* End PBXFileSystemSynchronizedRootGroup section */

/* Begin PBXFrameworksBuildPhase section */
		0DF4EC532EBD94F800C97374 /* Frameworks */ = {
			isa = PBXFrameworksBuildPhase;
			buildActionMask = 2147483647;
			files = (
			);
			runOnlyForDeploymentPostprocessing = 0;
		};
		0DF4EC602EBD94FA00C97374 /* Frameworks */ = {
			isa = PBXFrameworksBuildPhase;
			buildActionMask = 2147483647;
			files = (
			);
			runOnlyForDeploymentPostprocessing = 0;
		};
		0DF4EC6A2EBD94FA00C97374 /* Frameworks */ = {
			isa = PBXFrameworksBuildPhase;
			buildActionMask = 2147483647;
			files = (
			);
			runOnlyForDeploymentPostprocessing = 0;
		};
/* End PBXFrameworksBuildPhase section */

/* Begin PBXGroup section */
		0DF4EC4D2EBD94F800C97374 = {
			isa = PBXGroup;
			children = (
				0DF4EC582EBD94F800C97374 /* ImageState */,
				0DF4EC662EBD94FA00C97374 /* ImageStateTests */,
				0DF4EC702EBD94FA00C97374 /* ImageStateUITests */,
				0DF4EC572EBD94F800C97374 /* Products */,
			);
			sourceTree = "<group>";
		};
		0DF4EC572EBD94F800C97374 /* Products */ = {
			isa = PBXGroup;
			children = (
				0DF4EC562EBD94F800C97374 /* ImageState.app */,
				0DF4EC632EBD94FA00C97374 /* ImageStateTests.xctest */,
				0DF4EC6D2EBD94FA00C97374 /* ImageStateUITests.xctest */,
			);
			name = Products;
			sourceTree = "<group>";
		};
/* End PBXGroup section */

/* Begin PBXNativeTarget section */
		0DF4EC552EBD94F800C97374 /* ImageState */ = {
			isa = PBXNativeTarget;
			buildConfigurationList = 0DF4EC772EBD94FA00C97374 /* Build configuration list for PBXNativeTarget "ImageState" */;
			buildPhases = (
				0DF4EC522EBD94F800C97374 /* Sources */,
				0DF4EC532EBD94F800C97374 /* Frameworks */,
				0DF4EC542EBD94F800C97374 /* Resources */,
			);
			buildRules = (
			);
			dependencies = (
			);
			fileSystemSynchronizedGroups = (
				0DF4EC582EBD94F800C97374 /* ImageState */,
			);
			name = ImageState;
			packageProductDependencies = (
			);
			productName = ImageState;
			productReference = 0DF4EC562EBD94F800C97374 /* ImageState.app */;
			productType = "com.apple.product-type.application";
		};
		0DF4EC622EBD94FA00C97374 /* ImageStateTests */ = {
			isa = PBXNativeTarget;
			buildConfigurationList = 0DF4EC7A2EBD94FA00C97374 /* Build configuration list for PBXNativeTarget "ImageStateTests" */;
			buildPhases = (
				0DF4EC5F2EBD94FA00C97374 /* Sources */,
				0DF4EC602EBD94FA00C97374 /* Frameworks */,
				0DF4EC612EBD94FA00C97374 /* Resources */,
			);
			buildRules = (
			);
			dependencies = (
				0DF4EC652EBD94FA00C97374 /* PBXTargetDependency */,
			);
			fileSystemSynchronizedGroups = (
				0DF4EC662EBD94FA00C97374 /* ImageStateTests */,
			);
			name = ImageStateTests;
			packageProductDependencies = (
			);
			productName = ImageStateTests;
			productReference = 0DF4EC632EBD94FA00C97374 /* ImageStateTests.xctest */;
			productType = "com.apple.product-type.bundle.unit-test";
		};
		0DF4EC6C2EBD94FA00C97374 /* ImageStateUITests */ = {
			isa = PBXNativeTarget;
			buildConfigurationList = 0DF4EC7D2EBD94FA00C97374 /* Build configuration list for PBXNativeTarget "ImageStateUITests" */;
			buildPhases = (
				0DF4EC692EBD94FA00C97374 /* Sources */,
				0DF4EC6A2EBD94FA00C97374 /* Frameworks */,
				0DF4EC6B2EBD94FA00C97374 /* Resources */,
			);
			buildRules = (
			);
			dependencies = (
				0DF4EC6F2EBD94FA00C97374 /* PBXTargetDependency */,
			);
			fileSystemSynchronizedGroups = (
				0DF4EC702EBD94FA00C97374 /* ImageStateUITests */,
			);
			name = ImageStateUITests;
			packageProductDependencies = (
			);
			productName = ImageStateUITests;
			productReference = 0DF4EC6D2EBD94FA00C97374 /* ImageStateUITests.xctest */;
			productType = "com.apple.product-type.bundle.ui-testing";
		};
/* End PBXNativeTarget section */

/* Begin PBXProject section */
		0DF4EC4E2EBD94F800C97374 /* Project object */ = {
			isa = PBXProject;
			attributes = {
				BuildIndependentTargetsInParallel = 1;
				LastSwiftUpdateCheck = 1640;
				LastUpgradeCheck = 1640;
				TargetAttributes = {
					0DF4EC552EBD94F800C97374 = {
						CreatedOnToolsVersion = 16.4;
					};
					0DF4EC622EBD94FA00C97374 = {
						CreatedOnToolsVersion = 16.4;
						TestTargetID = 0DF4EC552EBD94F800C97374;
					};
					0DF4EC6C2EBD94FA00C97374 = {
						CreatedOnToolsVersion = 16.4;
						TestTargetID = 0DF4EC552EBD94F800C97374;
					};
				};
			};
			buildConfigurationList = 0DF4EC512EBD94F800C97374 /* Build configuration list for PBXProject "ImageState" */;
			developmentRegion = en;
			hasScannedForEncodings = 0;
			knownRegions = (
				en,
				Base,
			);
			mainGroup = 0DF4EC4D2EBD94F800C97374;
			minimizedProjectReferenceProxies = 1;
			preferredProjectObjectVersion = 77;
			productRefGroup = 0DF4EC572EBD94F800C97374 /* Products */;
			projectDirPath = "";
			projectRoot = "";
			targets = (
				0DF4EC552EBD94F800C97374 /* ImageState */,
				0DF4EC622EBD94FA00C97374 /* ImageStateTests */,
				0DF4EC6C2EBD94FA00C97374 /* ImageStateUITests */,
			);
		};
/* End PBXProject section */

/* Begin PBXResourcesBuildPhase section */
		0DF4EC542EBD94F800C97374 /* Resources */ = {
			isa = PBXResourcesBuildPhase;
			buildActionMask = 2147483647;
			files = (
			);
			runOnlyForDeploymentPostprocessing = 0;
		};
		0DF4EC612EBD94FA00C97374 /* Resources */ = {
			isa = PBXResourcesBuildPhase;
			buildActionMask = 2147483647;
			files = (
			);
			runOnlyForDeploymentPostprocessing = 0;
		};
		0DF4EC6B2EBD94FA00C97374 /* Resources */ = {
			isa = PBXResourcesBuildPhase;
			buildActionMask = 2147483647;
			files = (
			);
			runOnlyForDeploymentPostprocessing = 0;
		};
/* End PBXResourcesBuildPhase section */

/* Begin PBXSourcesBuildPhase section */
		0DF4EC522EBD94F800C97374 /* Sources */ = {
			isa = PBXSourcesBuildPhase;
			buildActionMask = 2147483647;
			files = (
			);
			runOnlyForDeploymentPostprocessing = 0;
		};
		0DF4EC5F2EBD94FA00C97374 /* Sources */ = {
			isa = PBXSourcesBuildPhase;
			buildActionMask = 2147483647;
			files = (
			);
			runOnlyForDeploymentPostprocessing = 0;
		};
		0DF4EC692EBD94FA00C97374 /* Sources */ = {
			isa = PBXSourcesBuildPhase;
			buildActionMask = 2147483647;
			files = (
			);
			runOnlyForDeploymentPostprocessing = 0;
		};
/* End PBXSourcesBuildPhase section */

/* Begin PBXTargetDependency section */
		0DF4EC652EBD94FA00C97374 /* PBXTargetDependency */ = {
			isa = PBXTargetDependency;
			target = 0DF4EC552EBD94F800C97374 /* ImageState */;
			targetProxy = 0DF4EC642EBD94FA00C97374 /* PBXContainerItemProxy */;
		};
		0DF4EC6F2EBD94FA00C97374 /* PBXTargetDependency */ = {
			isa = PBXTargetDependency;
			target = 0DF4EC552EBD94F800C97374 /* ImageState */;
			targetProxy = 0DF4EC6E2EBD94FA00C97374 /* PBXContainerItemProxy */;
		};
/* End PBXTargetDependency section */

/* Begin XCBuildConfiguration section */
		0DF4EC752EBD94FA00C97374 /* Debug */ = {
			isa = XCBuildConfiguration;
			buildSettings = {
				ALWAYS_SEARCH_USER_PATHS = NO;
				ASSETCATALOG_COMPILER_GENERATE_SWIFT_ASSET_SYMBOL_EXTENSIONS = YES;
				CLANG_ANALYZER_NONNULL = YES;
				CLANG_ANALYZER_NUMBER_OBJECT_CONVERSION = YES_AGGRESSIVE;
				CLANG_CXX_LANGUAGE_STANDARD = "gnu++20";
				CLANG_ENABLE_MODULES = YES;
				CLANG_ENABLE_OBJC_ARC = YES;
				CLANG_ENABLE_OBJC_WEAK = YES;
				CLANG_WARN_BLOCK_CAPTURE_AUTORELEASING = YES;
				CLANG_WARN_BOOL_CONVERSION = YES;
				CLANG_WARN_COMMA = YES;
				CLANG_WARN_CONSTANT_CONVERSION = YES;
				CLANG_WARN_DEPRECATED_OBJC_IMPLEMENTATIONS = YES;
				CLANG_WARN_DIRECT_OBJC_ISA_USAGE = YES_ERROR;
				CLANG_WARN_DOCUMENTATION_COMMENTS = YES;
				CLANG_WARN_EMPTY_BODY = YES;
				CLANG_WARN_ENUM_CONVERSION = YES;
				CLANG_WARN_INFINITE_RECURSION = YES;
				CLANG_WARN_INT_CONVERSION = YES;
				CLANG_WARN_NON_LITERAL_NULL_CONVERSION = YES;
				CLANG_WARN_OBJC_IMPLICIT_RETAIN_SELF = YES;
				CLANG_WARN_OBJC_LITERAL_CONVERSION = YES;
				CLANG_WARN_OBJC_ROOT_CLASS = YES_ERROR;
				CLANG_WARN_QUOTED_INCLUDE_IN_FRAMEWORK_HEADER = YES;
				CLANG_WARN_RANGE_LOOP_ANALYSIS = YES;
				CLANG_WARN_STRICT_PROTOTYPES = YES;
				CLANG_WARN_SUSPICIOUS_MOVE = YES;
				CLANG_WARN_UNGUARDED_AVAILABILITY = YES_AGGRESSIVE;
				CLANG_WARN_UNREACHABLE_CODE = YES;
				CLANG_WARN__DUPLICATE_METHOD_MATCH = YES;
				COPY_PHASE_STRIP = NO;
				DEBUG_INFORMATION_FORMAT = dwarf;
				DEVELOPMENT_TEAM = S2WZ92NDUX;
				ENABLE_STRICT_OBJC_MSGSEND = YES;
				ENABLE_TESTABILITY = YES;
				ENABLE_USER_SCRIPT_SANDBOXING = YES;
				GCC_C_LANGUAGE_STANDARD = gnu17;
				GCC_DYNAMIC_NO_PIC = NO;
				GCC_NO_COMMON_BLOCKS = YES;
				GCC_OPTIMIZATION_LEVEL = 0;
				GCC_PREPROCESSOR_DEFINITIONS = (
					"DEBUG=1",
					"$(inherited)",
				);
				GCC_WARN_64_TO_32_BIT_CONVERSION = YES;
				GCC_WARN_ABOUT_RETURN_TYPE = YES_ERROR;
				GCC_WARN_UNDECLARED_SELECTOR = YES;
				GCC_WARN_UNINITIALIZED_AUTOS = YES_AGGRESSIVE;
				GCC_WARN_UNUSED_FUNCTION = YES;
				GCC_WARN_UNUSED_VARIABLE = YES;
				IPHONEOS_DEPLOYMENT_TARGET = 18.5;
				LOCALIZATION_PREFERS_STRING_CATALOGS = YES;
				MTL_ENABLE_DEBUG_INFO = INCLUDE_SOURCE;
				MTL_FAST_MATH = YES;
				ONLY_ACTIVE_ARCH = YES;
				SDKROOT = iphoneos;
				SWIFT_ACTIVE_COMPILATION_CONDITIONS = "DEBUG $(inherited)";
				SWIFT_OPTIMIZATION_LEVEL = "-Onone";
			};
			name = Debug;
		};
		0DF4EC762EBD94FA00C97374 /* Release */ = {
			isa = XCBuildConfiguration;
			buildSettings = {
				ALWAYS_SEARCH_USER_PATHS = NO;
				ASSETCATALOG_COMPILER_GENERATE_SWIFT_ASSET_SYMBOL_EXTENSIONS = YES;
				CLANG_ANALYZER_NONNULL = YES;
				CLANG_ANALYZER_NUMBER_OBJECT_CONVERSION = YES_AGGRESSIVE;
				CLANG_CXX_LANGUAGE_STANDARD = "gnu++20";
				CLANG_ENABLE_MODULES = YES;
				CLANG_ENABLE_OBJC_ARC = YES;
				CLANG_ENABLE_OBJC_WEAK = YES;
				CLANG_WARN_BLOCK_CAPTURE_AUTORELEASING = YES;
				CLANG_WARN_BOOL_CONVERSION = YES;
				CLANG_WARN_COMMA = YES;
				CLANG_WARN_CONSTANT_CONVERSION = YES;
				CLANG_WARN_DEPRECATED_OBJC_IMPLEMENTATIONS = YES;
				CLANG_WARN_DIRECT_OBJC_ISA_USAGE = YES_ERROR;
				CLANG_WARN_DOCUMENTATION_COMMENTS = YES;
				CLANG_WARN_EMPTY_BODY = YES;
				CLANG_WARN_ENUM_CONVERSION = YES;
				CLANG_WARN_INFINITE_RECURSION = YES;
				CLANG_WARN_INT_CONVERSION = YES;
				CLANG_WARN_NON_LITERAL_NULL_CONVERSION = YES;
				CLANG_WARN_OBJC_IMPLICIT_RETAIN_SELF = YES;
				CLANG_WARN_OBJC_LITERAL_CONVERSION = YES;
				CLANG_WARN_OBJC_ROOT_CLASS = YES_ERROR;
				CLANG_WARN_QUOTED_INCLUDE_IN_FRAMEWORK_HEADER = YES;
				CLANG_WARN_RANGE_LOOP_ANALYSIS = YES;
				CLANG_WARN_STRICT_PROTOTYPES = YES;
				CLANG_WARN_SUSPICIOUS_MOVE = YES;
				CLANG_WARN_UNGUARDED_AVAILABILITY = YES_AGGRESSIVE;
				CLANG_WARN_UNREACHABLE_CODE = YES;
				CLANG_WARN__DUPLICATE_METHOD_MATCH = YES;
				COPY_PHASE_STRIP = NO;
				DEBUG_INFORMATION_FORMAT = "dwarf-with-dsym";
				DEVELOPMENT_TEAM = S2WZ92NDUX;
				ENABLE_NS_ASSERTIONS = NO;
				ENABLE_STRICT_OBJC_MSGSEND = YES;
				ENABLE_USER_SCRIPT_SANDBOXING = YES;
				GCC_C_LANGUAGE_STANDARD = gnu17;
				GCC_NO_COMMON_BLOCKS = YES;
				GCC_WARN_64_TO_32_BIT_CONVERSION = YES;
				GCC_WARN_ABOUT_RETURN_TYPE = YES_ERROR;
				GCC_WARN_UNDECLARED_SELECTOR = YES;
				GCC_WARN_UNINITIALIZED_AUTOS = YES_AGGRESSIVE;
				GCC_WARN_UNUSED_FUNCTION = YES;
				GCC_WARN_UNUSED_VARIABLE = YES;
				IPHONEOS_DEPLOYMENT_TARGET = 18.5;
				LOCALIZATION_PREFERS_STRING_CATALOGS = YES;
				MTL_ENABLE_DEBUG_INFO = NO;
				MTL_FAST_MATH = YES;
				SDKROOT = iphoneos;
				SWIFT_COMPILATION_MODE = wholemodule;
				VALIDATE_PRODUCT = YES;
			};
			name = Release;
		};
		0DF4EC782EBD94FA00C97374 /* Debug */ = {
			isa = XCBuildConfiguration;
			buildSettings = {
				ASSETCATALOG_COMPILER_APPICON_NAME = AppIcon;
				ASSETCATALOG_COMPILER_GLOBAL_ACCENT_COLOR_NAME = AccentColor;
				CODE_SIGN_STYLE = Automatic;
				CURRENT_PROJECT_VERSION = 1;
				DEVELOPMENT_TEAM = S2WZ92NDUX;
				ENABLE_PREVIEWS = YES;
				GENERATE_INFOPLIST_FILE = YES;
				INFOPLIST_KEY_UIApplicationSceneManifest_Generation = YES;
				INFOPLIST_KEY_UIApplicationSupportsIndirectInputEvents = YES;
				INFOPLIST_KEY_UILaunchScreen_Generation = YES;
				INFOPLIST_KEY_UISupportedInterfaceOrientations_iPad = "UIInterfaceOrientationPortrait UIInterfaceOrientationPortraitUpsideDown UIInterfaceOrientationLandscapeLeft UIInterfaceOrientationLandscapeRight";
				INFOPLIST_KEY_UISupportedInterfaceOrientations_iPhone = "UIInterfaceOrientationPortrait UIInterfaceOrientationLandscapeLeft UIInterfaceOrientationLandscapeRight";
				LD_RUNPATH_SEARCH_PATHS = (
					"$(inherited)",
					"@executable_path/Frameworks",
				);
				MARKETING_VERSION = 1.0;
				PRODUCT_BUNDLE_IDENTIFIER = org.freelifemakers.ImageState;
				PRODUCT_NAME = "$(TARGET_NAME)";
				SWIFT_EMIT_LOC_STRINGS = YES;
				SWIFT_VERSION = 5.0;
				TARGETED_DEVICE_FAMILY = "1,2";
			};
			name = Debug;
		};
		0DF4EC792EBD94FA00C97374 /* Release */ = {
			isa = XCBuildConfiguration;
			buildSettings = {
				ASSETCATALOG_COMPILER_APPICON_NAME = AppIcon;
				ASSETCATALOG_COMPILER_GLOBAL_ACCENT_COLOR_NAME = AccentColor;
				CODE_SIGN_STYLE = Automatic;
				CURRENT_PROJECT_VERSION = 1;
				DEVELOPMENT_TEAM = S2WZ92NDUX;
				ENABLE_PREVIEWS = YES;
				GENERATE_INFOPLIST_FILE = YES;
				INFOPLIST_KEY_UIApplicationSceneManifest_Generation = YES;
				INFOPLIST_KEY_UIApplicationSupportsIndirectInputEvents = YES;
				INFOPLIST_KEY_UILaunchScreen_Generation = YES;
				INFOPLIST_KEY_UISupportedInterfaceOrientations_iPad = "UIInterfaceOrientationPortrait UIInterfaceOrientationPortraitUpsideDown UIInterfaceOrientationLandscapeLeft UIInterfaceOrientationLandscapeRight";
				INFOPLIST_KEY_UISupportedInterfaceOrientations_iPhone = "UIInterfaceOrientationPortrait UIInterfaceOrientationLandscapeLeft UIInterfaceOrientationLandscapeRight";
				LD_RUNPATH_SEARCH_PATHS = (
					"$(inherited)",
					"@executable_path/Frameworks",
				);
				MARKETING_VERSION = 1.0;
				PRODUCT_BUNDLE_IDENTIFIER = org.freelifemakers.ImageState;
				PRODUCT_NAME = "$(TARGET_NAME)";
				SWIFT_EMIT_LOC_STRINGS = YES;
				SWIFT_VERSION = 5.0;
				TARGETED_DEVICE_FAMILY = "1,2";
			};
			name = Release;
		};
		0DF4EC7B2EBD94FA00C97374 /* Debug */ = {
			isa = XCBuildConfiguration;
			buildSettings = {
				BUNDLE_LOADER = "$(TEST_HOST)";
				CODE_SIGN_STYLE = Automatic;
				CURRENT_PROJECT_VERSION = 1;
				DEVELOPMENT_TEAM = S2WZ92NDUX;
				GENERATE_INFOPLIST_FILE = YES;
				IPHONEOS_DEPLOYMENT_TARGET = 18.5;
				MARKETING_VERSION = 1.0;
				PRODUCT_BUNDLE_IDENTIFIER = org.freelifemakers.ImageStateTests;
				PRODUCT_NAME = "$(TARGET_NAME)";
				SWIFT_EMIT_LOC_STRINGS = NO;
				SWIFT_VERSION = 5.0;
				TARGETED_DEVICE_FAMILY = "1,2";
				TEST_HOST = "$(BUILT_PRODUCTS_DIR)/ImageState.app/$(BUNDLE_EXECUTABLE_FOLDER_PATH)/ImageState";
			};
			name = Debug;
		};
		0DF4EC7C2EBD94FA00C97374 /* Release */ = {
			isa = XCBuildConfiguration;
			buildSettings = {
				BUNDLE_LOADER = "$(TEST_HOST)";
				CODE_SIGN_STYLE = Automatic;
				CURRENT_PROJECT_VERSION = 1;
				DEVELOPMENT_TEAM = S2WZ92NDUX;
				GENERATE_INFOPLIST_FILE = YES;
				IPHONEOS_DEPLOYMENT_TARGET = 18.5;
				MARKETING_VERSION = 1.0;
				PRODUCT_BUNDLE_IDENTIFIER = org.freelifemakers.ImageStateTests;
				PRODUCT_NAME = "$(TARGET_NAME)";
				SWIFT_EMIT_LOC_STRINGS = NO;
				SWIFT_VERSION = 5.0;
				TARGETED_DEVICE_FAMILY = "1,2";
				TEST_HOST = "$(BUILT_PRODUCTS_DIR)/ImageState.app/$(BUNDLE_EXECUTABLE_FOLDER_PATH)/ImageState";
			};
			name = Release;
		};
		0DF4EC7E2EBD94FA00C97374 /* Debug */ = {
			isa = XCBuildConfiguration;
			buildSettings = {
				CODE_SIGN_STYLE = Automatic;
				CURRENT_PROJECT_VERSION = 1;
				DEVELOPMENT_TEAM = S2WZ92NDUX;
				GENERATE_INFOPLIST_FILE = YES;
				MARKETING_VERSION = 1.0;
				PRODUCT_BUNDLE_IDENTIFIER = org.freelifemakers.ImageStateUITests;
				PRODUCT_NAME = "$(TARGET_NAME)";
				SWIFT_EMIT_LOC_STRINGS = NO;
				SWIFT_VERSION = 5.0;
				TARGETED_DEVICE_FAMILY = "1,2";
				TEST_TARGET_NAME = ImageState;
			};
			name = Debug;
		};
		0DF4EC7F2EBD94FA00C97374 /* Release */ = {
			isa = XCBuildConfiguration;
			buildSettings = {
				CODE_SIGN_STYLE = Automatic;
				CURRENT_PROJECT_VERSION = 1;
				DEVELOPMENT_TEAM = S2WZ92NDUX;
				GENERATE_INFOPLIST_FILE = YES;
				MARKETING_VERSION = 1.0;
				PRODUCT_BUNDLE_IDENTIFIER = org.freelifemakers.ImageStateUITests;
				PRODUCT_NAME = "$(TARGET_NAME)";
				SWIFT_EMIT_LOC_STRINGS = NO;
				SWIFT_VERSION = 5.0;
				TARGETED_DEVICE_FAMILY = "1,2";
				TEST_TARGET_NAME = ImageState;
			};
			name = Release;
		};
/* End XCBuildConfiguration section */

/* Begin XCConfigurationList section */
		0DF4EC512EBD94F800C97374 /* Build configuration list for PBXProject "ImageState" */ = {
			isa = XCConfigurationList;
			buildConfigurations = (
				0DF4EC752EBD94FA00C97374 /* Debug */,
				0DF4EC762EBD94FA00C97374 /* Release */,
			);
			defaultConfigurationIsVisible = 0;
			defaultConfigurationName = Release;
		};
		0DF4EC772EBD94FA00C97374 /* Build configuration list for PBXNativeTarget "ImageState" */ = {
			isa = XCConfigurationList;
			buildConfigurations = (
				0DF4EC782EBD94FA00C97374 /* Debug */,
				0DF4EC792EBD94FA00C97374 /* Release */,
			);
			defaultConfigurationIsVisible = 0;
			defaultConfigurationName = Release;
		};
		0DF4EC7A2EBD94FA00C97374 /* Build configuration list for PBXNativeTarget "ImageStateTests" */ = {
			isa = XCConfigurationList;
			buildConfigurations = (
				0DF4EC7B2EBD94FA00C97374 /* Debug */,
				0DF4EC7C2EBD94FA00C97374 /* Release */,
			);
			defaultConfigurationIsVisible = 0;
			defaultConfigurationName = Release;
		};
		0DF4EC7D2EBD94FA00C97374 /* Build configuration list for PBXNativeTarget "ImageStateUITests" */ = {
			isa = XCConfigurationList;
			buildConfigurations = (
				0DF4EC7E2EBD94FA00C97374 /* Debug */,
				0DF4EC7F2EBD94FA00C97374 /* Release */,
			);
			defaultConfigurationIsVisible = 0;
			defaultConfigurationName = Release;
		};
/* End XCConfigurationList section */
	};
	rootObject = 0DF4EC4E2EBD94F800C97374 /* Project object */;
}
